// !$*UTF8*$!
{
	archiveVersion = 1;
	classes = {
	};
	objectVersion = 46;
	objects = {

/* Begin PBXBuildFile section */
		3000897B969C4D317C8CE0DE /* Pods_SMessenger.framework in Frameworks */ = {isa = PBXBuildFile; fileRef = 5288EBD42C47A9AFA82A7355 /* Pods_SMessenger.framework */; settings = {ATTRIBUTES = (Weak, ); }; };
		960EFE441CC7B74500C42800 /* AppDelegate.swift in Sources */ = {isa = PBXBuildFile; fileRef = 960EFE261CC7B74500C42800 /* AppDelegate.swift */; };
		960EFE451CC7B74500C42800 /* Assets.xcassets in Resources */ = {isa = PBXBuildFile; fileRef = 960EFE271CC7B74500C42800 /* Assets.xcassets */; };
		960EFE461CC7B74500C42800 /* LaunchScreen.storyboard in Resources */ = {isa = PBXBuildFile; fileRef = 960EFE281CC7B74500C42800 /* LaunchScreen.storyboard */; };
		960EFE471CC7B74500C42800 /* Main.storyboard in Resources */ = {isa = PBXBuildFile; fileRef = 960EFE2A1CC7B74500C42800 /* Main.storyboard */; };
		960EFE481CC7B74500C42800 /* LGSimpleChat.swift in Sources */ = {isa = PBXBuildFile; fileRef = 960EFE2E1CC7B74500C42800 /* LGSimpleChat.swift */; };
		960EFE4B1CC7B74500C42800 /* ContactManager.swift in Sources */ = {isa = PBXBuildFile; fileRef = 960EFE321CC7B74500C42800 /* ContactManager.swift */; };
		960EFE4C1CC7B74500C42800 /* DataManager.swift in Sources */ = {isa = PBXBuildFile; fileRef = 960EFE331CC7B74500C42800 /* DataManager.swift */; };
		960EFE4D1CC7B74500C42800 /* DialpadManager.swift in Sources */ = {isa = PBXBuildFile; fileRef = 960EFE341CC7B74500C42800 /* DialpadManager.swift */; };
		960EFE4E1CC7B74500C42800 /* MessageManager.swift in Sources */ = {isa = PBXBuildFile; fileRef = 960EFE351CC7B74500C42800 /* MessageManager.swift */; };
		960EFE4F1CC7B74500C42800 /* Message.swift in Sources */ = {isa = PBXBuildFile; fileRef = 960EFE371CC7B74500C42800 /* Message.swift */; };
		960EFE521CC7B74500C42800 /* ContactsViewController.swift in Sources */ = {isa = PBXBuildFile; fileRef = 960EFE3D1CC7B74500C42800 /* ContactsViewController.swift */; };
		960EFE531CC7B74500C42800 /* CallKeysDialPadView.swift in Sources */ = {isa = PBXBuildFile; fileRef = 960EFE3F1CC7B74500C42800 /* CallKeysDialPadView.swift */; };
		960EFE541CC7B74500C42800 /* ContactTableViewCell.swift in Sources */ = {isa = PBXBuildFile; fileRef = 960EFE401CC7B74500C42800 /* ContactTableViewCell.swift */; };
		960EFE551CC7B74500C42800 /* IncomingDialPadView.swift in Sources */ = {isa = PBXBuildFile; fileRef = 960EFE411CC7B74500C42800 /* IncomingDialPadView.swift */; };
		960EFE561CC7B74500C42800 /* KeysDialPadView.swift in Sources */ = {isa = PBXBuildFile; fileRef = 960EFE421CC7B74500C42800 /* KeysDialPadView.swift */; };
		960EFE571CC7B74500C42800 /* MainDialPadView.swift in Sources */ = {isa = PBXBuildFile; fileRef = 960EFE431CC7B74500C42800 /* MainDialPadView.swift */; };
		963816281CCB70CD00ABC9B8 /* Entypo-Social.otf in Resources */ = {isa = PBXBuildFile; fileRef = 963816181CCB70CD00ABC9B8 /* Entypo-Social.otf */; };
		963816291CCB70CD00ABC9B8 /* Entypo.otf in Resources */ = {isa = PBXBuildFile; fileRef = 963816191CCB70CD00ABC9B8 /* Entypo.otf */; };
		9638162A1CCB70CD00ABC9B8 /* Entypo.strings in Resources */ = {isa = PBXBuildFile; fileRef = 9638161A1CCB70CD00ABC9B8 /* Entypo.strings */; };
		9638162B1CCB70CD00ABC9B8 /* EntypoSocial.strings in Resources */ = {isa = PBXBuildFile; fileRef = 9638161B1CCB70CD00ABC9B8 /* EntypoSocial.strings */; };
		9638162C1CCB70CD00ABC9B8 /* fontawesome.ttf in Resources */ = {isa = PBXBuildFile; fileRef = 9638161C1CCB70CD00ABC9B8 /* fontawesome.ttf */; };
		9638162D1CCB70CD00ABC9B8 /* FontAwesomeRegular+Deprecation.strings in Resources */ = {isa = PBXBuildFile; fileRef = 9638161D1CCB70CD00ABC9B8 /* FontAwesomeRegular+Deprecation.strings */; };
		9638162E1CCB70CD00ABC9B8 /* FontAwesomeRegular.strings in Resources */ = {isa = PBXBuildFile; fileRef = 9638161E1CCB70CD00ABC9B8 /* FontAwesomeRegular.strings */; };
		9638162F1CCB70CD00ABC9B8 /* iconic.otf in Resources */ = {isa = PBXBuildFile; fileRef = 9638161F1CCB70CD00ABC9B8 /* iconic.otf */; };
		963816301CCB70CD00ABC9B8 /* IconicStroke.strings in Resources */ = {isa = PBXBuildFile; fileRef = 963816201CCB70CD00ABC9B8 /* IconicStroke.strings */; };
		963816311CCB70CD00ABC9B8 /* license_lgsimplechat in Resources */ = {isa = PBXBuildFile; fileRef = 963816221CCB70CD00ABC9B8 /* license_lgsimplechat */; };
		963816321CCB70CD00ABC9B8 /* license_icons.pdf in Resources */ = {isa = PBXBuildFile; fileRef = 963816231CCB70CD00ABC9B8 /* license_icons.pdf */; };
		963816331CCB70CD00ABC9B8 /* test_messages.json in Resources */ = {isa = PBXBuildFile; fileRef = 963816251CCB70CD00ABC9B8 /* test_messages.json */; };
		963816341CCB70CD00ABC9B8 /* telephone-ring.wav in Resources */ = {isa = PBXBuildFile; fileRef = 963816271CCB70CD00ABC9B8 /* telephone-ring.wav */; };
		966BE0511CD7DBBA0077965F /* CNContact+Wrapper.swift in Sources */ = {isa = PBXBuildFile; fileRef = 966BE0501CD7DBBA0077965F /* CNContact+Wrapper.swift */; };
		966BE0531CD7E6B00077965F /* ChatViewController.swift in Sources */ = {isa = PBXBuildFile; fileRef = 966BE0521CD7E6B00077965F /* ChatViewController.swift */; };
/* End PBXBuildFile section */

/* Begin PBXFileReference section */
		328E9D958587C365071A3061 /* Pods-SMessenger.release.xcconfig */ = {isa = PBXFileReference; includeInIndex = 1; lastKnownFileType = text.xcconfig; name = "Pods-SMessenger.release.xcconfig"; path = "Pods/Target Support Files/Pods-SMessenger/Pods-SMessenger.release.xcconfig"; sourceTree = "<group>"; };
		5288EBD42C47A9AFA82A7355 /* Pods_SMessenger.framework */ = {isa = PBXFileReference; explicitFileType = wrapper.framework; includeInIndex = 0; path = Pods_SMessenger.framework; sourceTree = BUILT_PRODUCTS_DIR; };
		65FF560CD9B10B7EA7D96F78 /* Pods_SkypeS.framework */ = {isa = PBXFileReference; explicitFileType = wrapper.framework; includeInIndex = 0; path = Pods_SkypeS.framework; sourceTree = BUILT_PRODUCTS_DIR; };
		7AB395E0BD76DF73CBD14DB2 /* Pods-SMessenger.debug.xcconfig */ = {isa = PBXFileReference; includeInIndex = 1; lastKnownFileType = text.xcconfig; name = "Pods-SMessenger.debug.xcconfig"; path = "Pods/Target Support Files/Pods-SMessenger/Pods-SMessenger.debug.xcconfig"; sourceTree = "<group>"; };
		960EFE261CC7B74500C42800 /* AppDelegate.swift */ = {isa = PBXFileReference; fileEncoding = 4; lastKnownFileType = sourcecode.swift; path = AppDelegate.swift; sourceTree = "<group>"; };
		960EFE271CC7B74500C42800 /* Assets.xcassets */ = {isa = PBXFileReference; lastKnownFileType = folder.assetcatalog; name = Assets.xcassets; path = ../Assets.xcassets; sourceTree = "<group>"; };
		960EFE291CC7B74500C42800 /* Base */ = {isa = PBXFileReference; lastKnownFileType = file.storyboard; name = Base; path = Base.lproj/LaunchScreen.storyboard; sourceTree = "<group>"; };
		960EFE2B1CC7B74500C42800 /* Base */ = {isa = PBXFileReference; lastKnownFileType = file.storyboard; name = Base; path = Base.lproj/Main.storyboard; sourceTree = "<group>"; };
		960EFE2E1CC7B74500C42800 /* LGSimpleChat.swift */ = {isa = PBXFileReference; fileEncoding = 4; lastKnownFileType = sourcecode.swift; path = LGSimpleChat.swift; sourceTree = "<group>"; };
		960EFE301CC7B74500C42800 /* Info.plist */ = {isa = PBXFileReference; fileEncoding = 4; lastKnownFileType = text.plist.xml; name = Info.plist; path = ../Info.plist; sourceTree = "<group>"; };
		960EFE321CC7B74500C42800 /* ContactManager.swift */ = {isa = PBXFileReference; fileEncoding = 4; lastKnownFileType = sourcecode.swift; path = ContactManager.swift; sourceTree = "<group>"; };
		960EFE331CC7B74500C42800 /* DataManager.swift */ = {isa = PBXFileReference; fileEncoding = 4; lastKnownFileType = sourcecode.swift; path = DataManager.swift; sourceTree = "<group>"; };
		960EFE341CC7B74500C42800 /* DialpadManager.swift */ = {isa = PBXFileReference; fileEncoding = 4; lastKnownFileType = sourcecode.swift; path = DialpadManager.swift; sourceTree = "<group>"; };
		960EFE351CC7B74500C42800 /* MessageManager.swift */ = {isa = PBXFileReference; fileEncoding = 4; lastKnownFileType = sourcecode.swift; path = MessageManager.swift; sourceTree = "<group>"; };
		960EFE371CC7B74500C42800 /* Message.swift */ = {isa = PBXFileReference; fileEncoding = 4; lastKnownFileType = sourcecode.swift; path = Message.swift; sourceTree = "<group>"; };
		960EFE3D1CC7B74500C42800 /* ContactsViewController.swift */ = {isa = PBXFileReference; fileEncoding = 4; lastKnownFileType = sourcecode.swift; path = ContactsViewController.swift; sourceTree = "<group>"; };
		960EFE3F1CC7B74500C42800 /* CallKeysDialPadView.swift */ = {isa = PBXFileReference; fileEncoding = 4; lastKnownFileType = sourcecode.swift; path = CallKeysDialPadView.swift; sourceTree = "<group>"; };
		960EFE401CC7B74500C42800 /* ContactTableViewCell.swift */ = {isa = PBXFileReference; fileEncoding = 4; lastKnownFileType = sourcecode.swift; path = ContactTableViewCell.swift; sourceTree = "<group>"; };
		960EFE411CC7B74500C42800 /* IncomingDialPadView.swift */ = {isa = PBXFileReference; fileEncoding = 4; lastKnownFileType = sourcecode.swift; path = IncomingDialPadView.swift; sourceTree = "<group>"; };
		960EFE421CC7B74500C42800 /* KeysDialPadView.swift */ = {isa = PBXFileReference; fileEncoding = 4; lastKnownFileType = sourcecode.swift; path = KeysDialPadView.swift; sourceTree = "<group>"; };
		960EFE431CC7B74500C42800 /* MainDialPadView.swift */ = {isa = PBXFileReference; fileEncoding = 4; lastKnownFileType = sourcecode.swift; path = MainDialPadView.swift; sourceTree = "<group>"; };
		962195581CBEE4CA00F92DD8 /* SMessenger.app */ = {isa = PBXFileReference; explicitFileType = wrapper.application; includeInIndex = 0; path = SMessenger.app; sourceTree = BUILT_PRODUCTS_DIR; };
		963816181CCB70CD00ABC9B8 /* Entypo-Social.otf */ = {isa = PBXFileReference; lastKnownFileType = file; path = "Entypo-Social.otf"; sourceTree = "<group>"; };
		963816191CCB70CD00ABC9B8 /* Entypo.otf */ = {isa = PBXFileReference; lastKnownFileType = file; path = Entypo.otf; sourceTree = "<group>"; };
		9638161A1CCB70CD00ABC9B8 /* Entypo.strings */ = {isa = PBXFileReference; fileEncoding = 4; lastKnownFileType = text.plist.strings; path = Entypo.strings; sourceTree = "<group>"; };
		9638161B1CCB70CD00ABC9B8 /* EntypoSocial.strings */ = {isa = PBXFileReference; fileEncoding = 4; lastKnownFileType = text.plist.strings; path = EntypoSocial.strings; sourceTree = "<group>"; };
		9638161C1CCB70CD00ABC9B8 /* fontawesome.ttf */ = {isa = PBXFileReference; lastKnownFileType = file; path = fontawesome.ttf; sourceTree = "<group>"; };
		9638161D1CCB70CD00ABC9B8 /* FontAwesomeRegular+Deprecation.strings */ = {isa = PBXFileReference; fileEncoding = 4; lastKnownFileType = text.plist.strings; path = "FontAwesomeRegular+Deprecation.strings"; sourceTree = "<group>"; };
		9638161E1CCB70CD00ABC9B8 /* FontAwesomeRegular.strings */ = {isa = PBXFileReference; fileEncoding = 4; lastKnownFileType = text.plist.strings; path = FontAwesomeRegular.strings; sourceTree = "<group>"; };
		9638161F1CCB70CD00ABC9B8 /* iconic.otf */ = {isa = PBXFileReference; lastKnownFileType = file; path = iconic.otf; sourceTree = "<group>"; };
		963816201CCB70CD00ABC9B8 /* IconicStroke.strings */ = {isa = PBXFileReference; fileEncoding = 4; lastKnownFileType = text.plist.strings; path = IconicStroke.strings; sourceTree = "<group>"; };
		963816221CCB70CD00ABC9B8 /* license_lgsimplechat */ = {isa = PBXFileReference; fileEncoding = 4; lastKnownFileType = text; path = license_lgsimplechat; sourceTree = "<group>"; };
		963816231CCB70CD00ABC9B8 /* license_icons.pdf */ = {isa = PBXFileReference; lastKnownFileType = image.pdf; path = license_icons.pdf; sourceTree = "<group>"; };
		963816251CCB70CD00ABC9B8 /* test_messages.json */ = {isa = PBXFileReference; fileEncoding = 4; lastKnownFileType = text.json; path = test_messages.json; sourceTree = "<group>"; };
		963816271CCB70CD00ABC9B8 /* telephone-ring.wav */ = {isa = PBXFileReference; lastKnownFileType = audio.wav; path = "telephone-ring.wav"; sourceTree = "<group>"; };
		966BE0501CD7DBBA0077965F /* CNContact+Wrapper.swift */ = {isa = PBXFileReference; fileEncoding = 4; lastKnownFileType = sourcecode.swift; path = "CNContact+Wrapper.swift"; sourceTree = "<group>"; };
		966BE0521CD7E6B00077965F /* ChatViewController.swift */ = {isa = PBXFileReference; fileEncoding = 4; lastKnownFileType = sourcecode.swift; path = ChatViewController.swift; sourceTree = "<group>"; };
		C70FA8B8FC2A7EC2E20F164D /* Pods-SkypeS.release.xcconfig */ = {isa = PBXFileReference; includeInIndex = 1; lastKnownFileType = text.xcconfig; name = "Pods-SkypeS.release.xcconfig"; path = "Pods/Target Support Files/Pods-SkypeS/Pods-SkypeS.release.xcconfig"; sourceTree = "<group>"; };
		CCF7805BC5CABB15F0A4B628 /* Pods-SkypeS.debug.xcconfig */ = {isa = PBXFileReference; includeInIndex = 1; lastKnownFileType = text.xcconfig; name = "Pods-SkypeS.debug.xcconfig"; path = "Pods/Target Support Files/Pods-SkypeS/Pods-SkypeS.debug.xcconfig"; sourceTree = "<group>"; };
/* End PBXFileReference section */

/* Begin PBXFrameworksBuildPhase section */
		962195551CBEE4CA00F92DD8 /* Frameworks */ = {
			isa = PBXFrameworksBuildPhase;
			buildActionMask = 2147483647;
			files = (
				3000897B969C4D317C8CE0DE /* Pods_SMessenger.framework in Frameworks */,
			);
			runOnlyForDeploymentPostprocessing = 0;
		};
/* End PBXFrameworksBuildPhase section */

/* Begin PBXGroup section */
		40990A34F5E05973B5EDEF4F /* Pods */ = {
			isa = PBXGroup;
			children = (
				CCF7805BC5CABB15F0A4B628 /* Pods-SkypeS.debug.xcconfig */,
				C70FA8B8FC2A7EC2E20F164D /* Pods-SkypeS.release.xcconfig */,
				7AB395E0BD76DF73CBD14DB2 /* Pods-SMessenger.debug.xcconfig */,
				328E9D958587C365071A3061 /* Pods-SMessenger.release.xcconfig */,
			);
			name = Pods;
			sourceTree = "<group>";
		};
		960EFE251CC7B74500C42800 /* SMessenger */ = {
			isa = PBXGroup;
			children = (
				960EFE261CC7B74500C42800 /* AppDelegate.swift */,
				960EFE2C1CC7B74500C42800 /* External */,
				960EFE311CC7B74500C42800 /* Managers */,
				960EFE361CC7B74500C42800 /* Model */,
				960EFE381CC7B74500C42800 /* Resources */,
				960EFE3C1CC7B74500C42800 /* ViewControllers */,
				960EFE3E1CC7B74500C42800 /* Views */,
			);
			path = SMessenger;
			sourceTree = "<group>";
		};
		960EFE2C1CC7B74500C42800 /* External */ = {
			isa = PBXGroup;
			children = (
				960EFE2D1CC7B74500C42800 /* LGSimpleChat */,
			);
			path = External;
			sourceTree = "<group>";
		};
		960EFE2D1CC7B74500C42800 /* LGSimpleChat */ = {
			isa = PBXGroup;
			children = (
				960EFE2E1CC7B74500C42800 /* LGSimpleChat.swift */,
			);
			path = LGSimpleChat;
			sourceTree = "<group>";
		};
		960EFE311CC7B74500C42800 /* Managers */ = {
			isa = PBXGroup;
			children = (
				960EFE321CC7B74500C42800 /* ContactManager.swift */,
				960EFE331CC7B74500C42800 /* DataManager.swift */,
				960EFE341CC7B74500C42800 /* DialpadManager.swift */,
				960EFE351CC7B74500C42800 /* MessageManager.swift */,
			);
			path = Managers;
			sourceTree = "<group>";
		};
		960EFE361CC7B74500C42800 /* Model */ = {
			isa = PBXGroup;
			children = (
				960EFE371CC7B74500C42800 /* Message.swift */,
				966BE0501CD7DBBA0077965F /* CNContact+Wrapper.swift */,
			);
			path = Model;
			sourceTree = "<group>";
		};
		960EFE381CC7B74500C42800 /* Resources */ = {
			isa = PBXGroup;
			children = (
				960EFE271CC7B74500C42800 /* Assets.xcassets */,
				960EFE281CC7B74500C42800 /* LaunchScreen.storyboard */,
				960EFE2A1CC7B74500C42800 /* Main.storyboard */,
				960EFE301CC7B74500C42800 /* Info.plist */,
				963816171CCB70CD00ABC9B8 /* fonts_mirror_fontasticicons */,
				963816211CCB70CD00ABC9B8 /* licenses */,
				963816241CCB70CD00ABC9B8 /* test_data */,
				963816261CCB70CD00ABC9B8 /* tones */,
			);
			path = Resources;
			sourceTree = "<group>";
		};
		960EFE3C1CC7B74500C42800 /* ViewControllers */ = {
			isa = PBXGroup;
			children = (
				960EFE3D1CC7B74500C42800 /* ContactsViewController.swift */,
				966BE0521CD7E6B00077965F /* ChatViewController.swift */,
			);
			path = ViewControllers;
			sourceTree = "<group>";
		};
		960EFE3E1CC7B74500C42800 /* Views */ = {
			isa = PBXGroup;
			children = (
				960EFE401CC7B74500C42800 /* ContactTableViewCell.swift */,
				960EFE3F1CC7B74500C42800 /* CallKeysDialPadView.swift */,
				960EFE411CC7B74500C42800 /* IncomingDialPadView.swift */,
				960EFE421CC7B74500C42800 /* KeysDialPadView.swift */,
				960EFE431CC7B74500C42800 /* MainDialPadView.swift */,
			);
			path = Views;
			sourceTree = "<group>";
		};
		9621954F1CBEE4CA00F92DD8 = {
			isa = PBXGroup;
			children = (
				960EFE251CC7B74500C42800 /* SMessenger */,
				962195591CBEE4CA00F92DD8 /* Products */,
				40990A34F5E05973B5EDEF4F /* Pods */,
				E36793C5022834EBE7CF6DB1 /* Frameworks */,
			);
			sourceTree = "<group>";
		};
		962195591CBEE4CA00F92DD8 /* Products */ = {
			isa = PBXGroup;
			children = (
				962195581CBEE4CA00F92DD8 /* SMessenger.app */,
			);
			name = Products;
			sourceTree = "<group>";
		};
		963816171CCB70CD00ABC9B8 /* fonts_mirror_fontasticicons */ = {
			isa = PBXGroup;
			children = (
				963816181CCB70CD00ABC9B8 /* Entypo-Social.otf */,
				963816191CCB70CD00ABC9B8 /* Entypo.otf */,
				9638161A1CCB70CD00ABC9B8 /* Entypo.strings */,
				9638161B1CCB70CD00ABC9B8 /* EntypoSocial.strings */,
				9638161C1CCB70CD00ABC9B8 /* fontawesome.ttf */,
				9638161D1CCB70CD00ABC9B8 /* FontAwesomeRegular+Deprecation.strings */,
				9638161E1CCB70CD00ABC9B8 /* FontAwesomeRegular.strings */,
				9638161F1CCB70CD00ABC9B8 /* iconic.otf */,
				963816201CCB70CD00ABC9B8 /* IconicStroke.strings */,
			);
			name = fonts_mirror_fontasticicons;
			path = fonts;
			sourceTree = "<group>";
		};
		963816211CCB70CD00ABC9B8 /* licenses */ = {
			isa = PBXGroup;
			children = (
				963816221CCB70CD00ABC9B8 /* license_lgsimplechat */,
				963816231CCB70CD00ABC9B8 /* license_icons.pdf */,
			);
			path = licenses;
			sourceTree = "<group>";
		};
		963816241CCB70CD00ABC9B8 /* test_data */ = {
			isa = PBXGroup;
			children = (
				963816251CCB70CD00ABC9B8 /* test_messages.json */,
			);
			path = test_data;
			sourceTree = "<group>";
		};
		963816261CCB70CD00ABC9B8 /* tones */ = {
			isa = PBXGroup;
			children = (
				963816271CCB70CD00ABC9B8 /* telephone-ring.wav */,
			);
			path = tones;
			sourceTree = "<group>";
		};
		E36793C5022834EBE7CF6DB1 /* Frameworks */ = {
			isa = PBXGroup;
			children = (
				65FF560CD9B10B7EA7D96F78 /* Pods_SkypeS.framework */,
				5288EBD42C47A9AFA82A7355 /* Pods_SMessenger.framework */,
			);
			name = Frameworks;
			sourceTree = "<group>";
		};
/* End PBXGroup section */

/* Begin PBXNativeTarget section */
		962195571CBEE4CA00F92DD8 /* SMessenger */ = {
			isa = PBXNativeTarget;
			buildConfigurationList = 9621956A1CBEE4CA00F92DD8 /* Build configuration list for PBXNativeTarget "SMessenger" */;
			buildPhases = (
				84A4DBB22EF8D41A5F959562 /* Check Pods Manifest.lock */,
				962195541CBEE4CA00F92DD8 /* Sources */,
				962195551CBEE4CA00F92DD8 /* Frameworks */,
				962195561CBEE4CA00F92DD8 /* Resources */,
				7993182C8DCAF9CF4B2701C3 /* Embed Pods Frameworks */,
				BD64859B0B4F68531129D920 /* Copy Pods Resources */,
			);
			buildRules = (
			);
			dependencies = (
			);
			name = SMessenger;
			productName = SkypeS;
			productReference = 962195581CBEE4CA00F92DD8 /* SMessenger.app */;
			productType = "com.apple.product-type.application";
		};
/* End PBXNativeTarget section */

/* Begin PBXProject section */
		962195501CBEE4CA00F92DD8 /* Project object */ = {
			isa = PBXProject;
			attributes = {
				LastSwiftUpdateCheck = 0730;
				LastUpgradeCheck = 0730;
				ORGANIZATIONNAME = "The Three Ways";
				TargetAttributes = {
					962195571CBEE4CA00F92DD8 = {
						CreatedOnToolsVersion = 7.3;
					};
				};
			};
			buildConfigurationList = 962195531CBEE4CA00F92DD8 /* Build configuration list for PBXProject "SMessenger" */;
			compatibilityVersion = "Xcode 3.2";
			developmentRegion = English;
			hasScannedForEncodings = 0;
			knownRegions = (
				en,
				Base,
			);
			mainGroup = 9621954F1CBEE4CA00F92DD8;
			productRefGroup = 962195591CBEE4CA00F92DD8 /* Products */;
			projectDirPath = "";
			projectRoot = "";
			targets = (
				962195571CBEE4CA00F92DD8 /* SMessenger */,
			);
		};
/* End PBXProject section */

/* Begin PBXResourcesBuildPhase section */
		962195561CBEE4CA00F92DD8 /* Resources */ = {
			isa = PBXResourcesBuildPhase;
			buildActionMask = 2147483647;
			files = (
				963816291CCB70CD00ABC9B8 /* Entypo.otf in Resources */,
				963816331CCB70CD00ABC9B8 /* test_messages.json in Resources */,
				960EFE471CC7B74500C42800 /* Main.storyboard in Resources */,
				9638162F1CCB70CD00ABC9B8 /* iconic.otf in Resources */,
				960EFE451CC7B74500C42800 /* Assets.xcassets in Resources */,
				963816341CCB70CD00ABC9B8 /* telephone-ring.wav in Resources */,
				9638162D1CCB70CD00ABC9B8 /* FontAwesomeRegular+Deprecation.strings in Resources */,
				963816321CCB70CD00ABC9B8 /* license_icons.pdf in Resources */,
				9638162A1CCB70CD00ABC9B8 /* Entypo.strings in Resources */,
				963816301CCB70CD00ABC9B8 /* IconicStroke.strings in Resources */,
				960EFE461CC7B74500C42800 /* LaunchScreen.storyboard in Resources */,
				9638162E1CCB70CD00ABC9B8 /* FontAwesomeRegular.strings in Resources */,
				963816311CCB70CD00ABC9B8 /* license_lgsimplechat in Resources */,
				9638162C1CCB70CD00ABC9B8 /* fontawesome.ttf in Resources */,
				9638162B1CCB70CD00ABC9B8 /* EntypoSocial.strings in Resources */,
				963816281CCB70CD00ABC9B8 /* Entypo-Social.otf in Resources */,
			);
			runOnlyForDeploymentPostprocessing = 0;
		};
/* End PBXResourcesBuildPhase section */

/* Begin PBXShellScriptBuildPhase section */
		7993182C8DCAF9CF4B2701C3 /* Embed Pods Frameworks */ = {
			isa = PBXShellScriptBuildPhase;
			buildActionMask = 2147483647;
			files = (
			);
			inputPaths = (
			);
			name = "Embed Pods Frameworks";
			outputPaths = (
			);
			runOnlyForDeploymentPostprocessing = 0;
			shellPath = /bin/sh;
			shellScript = "\"${SRCROOT}/Pods/Target Support Files/Pods-SMessenger/Pods-SMessenger-frameworks.sh\"\n";
			showEnvVarsInLog = 0;
		};
		84A4DBB22EF8D41A5F959562 /* Check Pods Manifest.lock */ = {
			isa = PBXShellScriptBuildPhase;
			buildActionMask = 2147483647;
			files = (
			);
			inputPaths = (
			);
			name = "Check Pods Manifest.lock";
			outputPaths = (
			);
			runOnlyForDeploymentPostprocessing = 0;
			shellPath = /bin/sh;
			shellScript = "diff \"${PODS_ROOT}/../Podfile.lock\" \"${PODS_ROOT}/Manifest.lock\" > /dev/null\nif [[ $? != 0 ]] ; then\n    cat << EOM\nerror: The sandbox is not in sync with the Podfile.lock. Run 'pod install' or update your CocoaPods installation.\nEOM\n    exit 1\nfi\n";
			showEnvVarsInLog = 0;
		};
		BD64859B0B4F68531129D920 /* Copy Pods Resources */ = {
			isa = PBXShellScriptBuildPhase;
			buildActionMask = 2147483647;
			files = (
			);
			inputPaths = (
			);
			name = "Copy Pods Resources";
			outputPaths = (
			);
			runOnlyForDeploymentPostprocessing = 0;
			shellPath = /bin/sh;
			shellScript = "\"${SRCROOT}/Pods/Target Support Files/Pods-SMessenger/Pods-SMessenger-resources.sh\"\n";
			showEnvVarsInLog = 0;
		};
/* End PBXShellScriptBuildPhase section */

/* Begin PBXSourcesBuildPhase section */
		962195541CBEE4CA00F92DD8 /* Sources */ = {
			isa = PBXSourcesBuildPhase;
			buildActionMask = 2147483647;
			files = (
				960EFE481CC7B74500C42800 /* LGSimpleChat.swift in Sources */,
				960EFE4D1CC7B74500C42800 /* DialpadManager.swift in Sources */,
				960EFE4C1CC7B74500C42800 /* DataManager.swift in Sources */,
				960EFE551CC7B74500C42800 /* IncomingDialPadView.swift in Sources */,
				960EFE4E1CC7B74500C42800 /* MessageManager.swift in Sources */,
				960EFE4B1CC7B74500C42800 /* ContactManager.swift in Sources */,
				960EFE521CC7B74500C42800 /* ContactsViewController.swift in Sources */,
				960EFE541CC7B74500C42800 /* ContactTableViewCell.swift in Sources */,
				966BE0531CD7E6B00077965F /* ChatViewController.swift in Sources */,
				960EFE531CC7B74500C42800 /* CallKeysDialPadView.swift in Sources */,
				966BE0511CD7DBBA0077965F /* CNContact+Wrapper.swift in Sources */,
				960EFE441CC7B74500C42800 /* AppDelegate.swift in Sources */,
				960EFE561CC7B74500C42800 /* KeysDialPadView.swift in Sources */,
				960EFE4F1CC7B74500C42800 /* Message.swift in Sources */,
				960EFE571CC7B74500C42800 /* MainDialPadView.swift in Sources */,
			);
			runOnlyForDeploymentPostprocessing = 0;
		};
/* End PBXSourcesBuildPhase section */

/* Begin PBXVariantGroup section */
		960EFE281CC7B74500C42800 /* LaunchScreen.storyboard */ = {
			isa = PBXVariantGroup;
			children = (
				960EFE291CC7B74500C42800 /* Base */,
			);
			name = LaunchScreen.storyboard;
			path = ..;
			sourceTree = "<group>";
		};
		960EFE2A1CC7B74500C42800 /* Main.storyboard */ = {
			isa = PBXVariantGroup;
			children = (
				960EFE2B1CC7B74500C42800 /* Base */,
			);
			name = Main.storyboard;
			path = ..;
			sourceTree = "<group>";
		};
/* End PBXVariantGroup section */

/* Begin XCBuildConfiguration section */
		962195681CBEE4CA00F92DD8 /* Debug */ = {
			isa = XCBuildConfiguration;
			buildSettings = {
				ALWAYS_SEARCH_USER_PATHS = NO;
				CLANG_ANALYZER_NONNULL = YES;
				CLANG_CXX_LANGUAGE_STANDARD = "gnu++0x";
				CLANG_CXX_LIBRARY = "libc++";
				CLANG_ENABLE_MODULES = YES;
				CLANG_ENABLE_OBJC_ARC = YES;
				CLANG_WARN_BOOL_CONVERSION = YES;
				CLANG_WARN_CONSTANT_CONVERSION = YES;
				CLANG_WARN_DIRECT_OBJC_ISA_USAGE = YES_ERROR;
				CLANG_WARN_EMPTY_BODY = YES;
				CLANG_WARN_ENUM_CONVERSION = YES;
				CLANG_WARN_INT_CONVERSION = YES;
				CLANG_WARN_OBJC_ROOT_CLASS = YES_ERROR;
				CLANG_WARN_UNREACHABLE_CODE = YES;
				CLANG_WARN__DUPLICATE_METHOD_MATCH = YES;
				"CODE_SIGN_IDENTITY[sdk=iphoneos*]" = "iPhone Developer";
				COPY_PHASE_STRIP = NO;
				DEBUG_INFORMATION_FORMAT = dwarf;
				ENABLE_STRICT_OBJC_MSGSEND = YES;
				ENABLE_TESTABILITY = YES;
				GCC_C_LANGUAGE_STANDARD = gnu99;
				GCC_DYNAMIC_NO_PIC = NO;
				GCC_NO_COMMON_BLOCKS = YES;
				GCC_OPTIMIZATION_LEVEL = 0;
				GCC_PREPROCESSOR_DEFINITIONS = (
					"DEBUG=1",
					"$(inherited)",
				);
				GCC_WARN_64_TO_32_BIT_CONVERSION = YES;
				GCC_WARN_ABOUT_RETURN_TYPE = YES_ERROR;
				GCC_WARN_UNDECLARED_SELECTOR = YES;
				GCC_WARN_UNINITIALIZED_AUTOS = YES_AGGRESSIVE;
				GCC_WARN_UNUSED_FUNCTION = YES;
				GCC_WARN_UNUSED_VARIABLE = YES;
				IPHONEOS_DEPLOYMENT_TARGET = 9.3;
				MTL_ENABLE_DEBUG_INFO = YES;
				ONLY_ACTIVE_ARCH = YES;
				SDKROOT = iphoneos;
				SWIFT_OPTIMIZATION_LEVEL = "-Onone";
			};
			name = Debug;
		};
		962195691CBEE4CA00F92DD8 /* Release */ = {
			isa = XCBuildConfiguration;
			buildSettings = {
				ALWAYS_SEARCH_USER_PATHS = NO;
				CLANG_ANALYZER_NONNULL = YES;
				CLANG_CXX_LANGUAGE_STANDARD = "gnu++0x";
				CLANG_CXX_LIBRARY = "libc++";
				CLANG_ENABLE_MODULES = YES;
				CLANG_ENABLE_OBJC_ARC = YES;
				CLANG_WARN_BOOL_CONVERSION = YES;
				CLANG_WARN_CONSTANT_CONVERSION = YES;
				CLANG_WARN_DIRECT_OBJC_ISA_USAGE = YES_ERROR;
				CLANG_WARN_EMPTY_BODY = YES;
				CLANG_WARN_ENUM_CONVERSION = YES;
				CLANG_WARN_INT_CONVERSION = YES;
				CLANG_WARN_OBJC_ROOT_CLASS = YES_ERROR;
				CLANG_WARN_UNREACHABLE_CODE = YES;
				CLANG_WARN__DUPLICATE_METHOD_MATCH = YES;
				"CODE_SIGN_IDENTITY[sdk=iphoneos*]" = "iPhone Developer";
				COPY_PHASE_STRIP = NO;
				DEBUG_INFORMATION_FORMAT = "dwarf-with-dsym";
				ENABLE_NS_ASSERTIONS = NO;
				ENABLE_STRICT_OBJC_MSGSEND = YES;
				GCC_C_LANGUAGE_STANDARD = gnu99;
				GCC_NO_COMMON_BLOCKS = YES;
				GCC_WARN_64_TO_32_BIT_CONVERSION = YES;
				GCC_WARN_ABOUT_RETURN_TYPE = YES_ERROR;
				GCC_WARN_UNDECLARED_SELECTOR = YES;
				GCC_WARN_UNINITIALIZED_AUTOS = YES_AGGRESSIVE;
				GCC_WARN_UNUSED_FUNCTION = YES;
				GCC_WARN_UNUSED_VARIABLE = YES;
				IPHONEOS_DEPLOYMENT_TARGET = 9.3;
				MTL_ENABLE_DEBUG_INFO = NO;
				SDKROOT = iphoneos;
				VALIDATE_PRODUCT = YES;
			};
			name = Release;
		};
		9621956B1CBEE4CA00F92DD8 /* Debug */ = {
			isa = XCBuildConfiguration;
			baseConfigurationReference = 7AB395E0BD76DF73CBD14DB2 /* Pods-SMessenger.debug.xcconfig */;
			buildSettings = {
				ASSETCATALOG_COMPILER_APPICON_NAME = AppIcon;
				CODE_SIGN_IDENTITY = "iPhone Developer: Kostiantyn Girych (WV7LCLFK4Q)";
				INFOPLIST_FILE = SMessenger/Info.plist;
				IPHONEOS_DEPLOYMENT_TARGET = 9.0;
				LD_RUNPATH_SEARCH_PATHS = "$(inherited) @executable_path/Frameworks";
				OTHER_SWIFT_FLAGS = "-D DEBUG";
				PRODUCT_BUNDLE_IDENTIFIER = com.thethreeways.smessenger;
				PRODUCT_NAME = SMessenger;
				PROVISIONING_PROFILE = "8003701c-8128-44b8-89fa-73369329277e";
				TARGETED_DEVICE_FAMILY = "1,2";
			};
			name = Debug;
		};
		9621956C1CBEE4CA00F92DD8 /* Release */ = {
			isa = XCBuildConfiguration;
			baseConfigurationReference = 328E9D958587C365071A3061 /* Pods-SMessenger.release.xcconfig */;
			buildSettings = {
				ASSETCATALOG_COMPILER_APPICON_NAME = AppIcon;
				CODE_SIGN_IDENTITY = "iPhone Distribution: Kostiantyn Girych (U5SLFXCU39)";
				INFOPLIST_FILE = SMessenger/Info.plist;
				IPHONEOS_DEPLOYMENT_TARGET = 9.0;
				LD_RUNPATH_SEARCH_PATHS = "$(inherited) @executable_path/Frameworks";
				PRODUCT_BUNDLE_IDENTIFIER = com.thethreeways.smessenger;
				PRODUCT_NAME = SMessenger;
				PROVISIONING_PROFILE = "73f0f424-189a-4167-b94a-d55deaf41e13";
				TARGETED_DEVICE_FAMILY = "1,2";
			};
			name = Release;
		};
/* End XCBuildConfiguration section */

/* Begin XCConfigurationList section */
		962195531CBEE4CA00F92DD8 /* Build configuration list for PBXProject "SMessenger" */ = {
			isa = XCConfigurationList;
			buildConfigurations = (
				962195681CBEE4CA00F92DD8 /* Debug */,
				962195691CBEE4CA00F92DD8 /* Release */,
			);
			defaultConfigurationIsVisible = 0;
			defaultConfigurationName = Release;
		};
		9621956A1CBEE4CA00F92DD8 /* Build configuration list for PBXNativeTarget "SMessenger" */ = {
			isa = XCConfigurationList;
			buildConfigurations = (
				9621956B1CBEE4CA00F92DD8 /* Debug */,
				9621956C1CBEE4CA00F92DD8 /* Release */,
			);
			defaultConfigurationIsVisible = 0;
			defaultConfigurationName = Release;
		};
/* End XCConfigurationList section */
	};
	rootObject = 962195501CBEE4CA00F92DD8 /* Project object */;
}
