// !$*UTF8*$!
{
	archiveVersion = 1;
	classes = {
	};
	objectVersion = 46;
	objects = {

/* Begin PBXBuildFile section */
		9621955C1CBEE4CA00F92DD8 /* AppDelegate.swift in Sources */ = {isa = PBXBuildFile; fileRef = 9621955B1CBEE4CA00F92DD8 /* AppDelegate.swift */; };
		9621955E1CBEE4CA00F92DD8 /* ViewController.swift in Sources */ = {isa = PBXBuildFile; fileRef = 9621955D1CBEE4CA00F92DD8 /* ViewController.swift */; };
		962195611CBEE4CA00F92DD8 /* Main.storyboard in Resources */ = {isa = PBXBuildFile; fileRef = 9621955F1CBEE4CA00F92DD8 /* Main.storyboard */; };
		962195631CBEE4CA00F92DD8 /* Assets.xcassets in Resources */ = {isa = PBXBuildFile; fileRef = 962195621CBEE4CA00F92DD8 /* Assets.xcassets */; };
		962195661CBEE4CA00F92DD8 /* LaunchScreen.storyboard in Resources */ = {isa = PBXBuildFile; fileRef = 962195641CBEE4CA00F92DD8 /* LaunchScreen.storyboard */; };
/* End PBXBuildFile section */

/* Begin PBXFileReference section */
		962195581CBEE4CA00F92DD8 /* SkypeS.app */ = {isa = PBXFileReference; explicitFileType = wrapper.application; includeInIndex = 0; path = SkypeS.app; sourceTree = BUILT_PRODUCTS_DIR; };
		9621955B1CBEE4CA00F92DD8 /* AppDelegate.swift */ = {isa = PBXFileReference; lastKnownFileType = sourcecode.swift; path = AppDelegate.swift; sourceTree = "<group>"; };
		9621955D1CBEE4CA00F92DD8 /* ViewController.swift */ = {isa = PBXFileReference; lastKnownFileType = sourcecode.swift; path = ViewController.swift; sourceTree = "<group>"; };
		962195601CBEE4CA00F92DD8 /* Base */ = {isa = PBXFileReference; lastKnownFileType = file.storyboard; name = Base; path = Base.lproj/Main.storyboard; sourceTree = "<group>"; };
		962195621CBEE4CA00F92DD8 /* Assets.xcassets */ = {isa = PBXFileReference; lastKnownFileType = folder.assetcatalog; path = Assets.xcassets; sourceTree = "<group>"; };
		962195651CBEE4CA00F92DD8 /* Base */ = {isa = PBXFileReference; lastKnownFileType = file.storyboard; name = Base; path = Base.lproj/LaunchScreen.storyboard; sourceTree = "<group>"; };
		962195671CBEE4CA00F92DD8 /* Info.plist */ = {isa = PBXFileReference; lastKnownFileType = text.plist.xml; path = Info.plist; sourceTree = "<group>"; };
/* End PBXFileReference section */

/* Begin PBXFrameworksBuildPhase section */
		962195551CBEE4CA00F92DD8 /* Frameworks */ = {
			isa = PBXFrameworksBuildPhase;
			buildActionMask = 2147483647;
			files = (
			);
			runOnlyForDeploymentPostprocessing = 0;
		};
/* End PBXFrameworksBuildPhase section */

/* Begin PBXGroup section */
		9621954F1CBEE4CA00F92DD8 = {
			isa = PBXGroup;
			children = (
				9621955A1CBEE4CA00F92DD8 /* SkypeS */,
				962195591CBEE4CA00F92DD8 /* Products */,
			);
			sourceTree = "<group>";
		};
		962195591CBEE4CA00F92DD8 /* Products */ = {
			isa = PBXGroup;
			children = (
				962195581CBEE4CA00F92DD8 /* SkypeS.app */,
			);
			name = Products;
			sourceTree = "<group>";
		};
		9621955A1CBEE4CA00F92DD8 /* SkypeS */ = {
			isa = PBXGroup;
			children = (
				9621955B1CBEE4CA00F92DD8 /* AppDelegate.swift */,
				9621955D1CBEE4CA00F92DD8 /* ViewController.swift */,
				9621955F1CBEE4CA00F92DD8 /* Main.storyboard */,
				962195621CBEE4CA00F92DD8 /* Assets.xcassets */,
				962195641CBEE4CA00F92DD8 /* LaunchScreen.storyboard */,
				962195671CBEE4CA00F92DD8 /* Info.plist */,
			);
			path = SkypeS;
			sourceTree = "<group>";
		};
/* End PBXGroup section */

/* Begin PBXNativeTarget section */
		962195571CBEE4CA00F92DD8 /* SkypeS */ = {
			isa = PBXNativeTarget;
			buildConfigurationList = 9621956A1CBEE4CA00F92DD8 /* Build configuration list for PBXNativeTarget "SkypeS" */;
			buildPhases = (
				962195541CBEE4CA00F92DD8 /* Sources */,
				962195551CBEE4CA00F92DD8 /* Frameworks */,
				962195561CBEE4CA00F92DD8 /* Resources */,
			);
			buildRules = (
			);
			dependencies = (
			);
			name = SkypeS;
			productName = SkypeS;
			productReference = 962195581CBEE4CA00F92DD8 /* SkypeS.app */;
			productType = "com.apple.product-type.application";
		};
/* End PBXNativeTarget section */

/* Begin PBXProject section */
		962195501CBEE4CA00F92DD8 /* Project object */ = {
			isa = PBXProject;
			attributes = {
				LastSwiftUpdateCheck = 0730;
				LastUpgradeCheck = 0730;
				ORGANIZATIONNAME = "The Three Ways";
				TargetAttributes = {
					962195571CBEE4CA00F92DD8 = {
						CreatedOnToolsVersion = 7.3;
					};
				};
			};
			buildConfigurationList = 962195531CBEE4CA00F92DD8 /* Build configuration list for PBXProject "SkypeS" */;
			compatibilityVersion = "Xcode 3.2";
			developmentRegion = English;
			hasScannedForEncodings = 0;
			knownRegions = (
				en,
				Base,
			);
			mainGroup = 9621954F1CBEE4CA00F92DD8;
			productRefGroup = 962195591CBEE4CA00F92DD8 /* Products */;
			projectDirPath = "";
			projectRoot = "";
			targets = (
				962195571CBEE4CA00F92DD8 /* SkypeS */,
			);
		};
/* End PBXProject section */

/* Begin PBXResourcesBuildPhase section */
		962195561CBEE4CA00F92DD8 /* Resources */ = {
			isa = PBXResourcesBuildPhase;
			buildActionMask = 2147483647;
			files = (
				962195661CBEE4CA00F92DD8 /* LaunchScreen.storyboard in Resources */,
				962195631CBEE4CA00F92DD8 /* Assets.xcassets in Resources */,
				962195611CBEE4CA00F92DD8 /* Main.storyboard in Resources */,
			);
			runOnlyForDeploymentPostprocessing = 0;
		};
/* End PBXResourcesBuildPhase section */

/* Begin PBXSourcesBuildPhase section */
		962195541CBEE4CA00F92DD8 /* Sources */ = {
			isa = PBXSourcesBuildPhase;
			buildActionMask = 2147483647;
			files = (
				9621955E1CBEE4CA00F92DD8 /* ViewController.swift in Sources */,
				9621955C1CBEE4CA00F92DD8 /* AppDelegate.swift in Sources */,
			);
			runOnlyForDeploymentPostprocessing = 0;
		};
/* End PBXSourcesBuildPhase section */

/* Begin PBXVariantGroup section */
		9621955F1CBEE4CA00F92DD8 /* Main.storyboard */ = {
			isa = PBXVariantGroup;
			children = (
				962195601CBEE4CA00F92DD8 /* Base */,
			);
			name = Main.storyboard;
			sourceTree = "<group>";
		};
		962195641CBEE4CA00F92DD8 /* LaunchScreen.storyboard */ = {
			isa = PBXVariantGroup;
			children = (
				962195651CBEE4CA00F92DD8 /* Base */,
			);
			name = LaunchScreen.storyboard;
			sourceTree = "<group>";
		};
/* End PBXVariantGroup section */

/* Begin XCBuildConfiguration section */
		962195681CBEE4CA00F92DD8 /* Debug */ = {
			isa = XCBuildConfiguration;
			buildSettings = {
				ALWAYS_SEARCH_USER_PATHS = NO;
				CLANG_ANALYZER_NONNULL = YES;
				CLANG_CXX_LANGUAGE_STANDARD = "gnu++0x";
				CLANG_CXX_LIBRARY = "libc++";
				CLANG_ENABLE_MODULES = YES;
				CLANG_ENABLE_OBJC_ARC = YES;
				CLANG_WARN_BOOL_CONVERSION = YES;
				CLANG_WARN_CONSTANT_CONVERSION = YES;
				CLANG_WARN_DIRECT_OBJC_ISA_USAGE = YES_ERROR;
				CLANG_WARN_EMPTY_BODY = YES;
				CLANG_WARN_ENUM_CONVERSION = YES;
				CLANG_WARN_INT_CONVERSION = YES;
				CLANG_WARN_OBJC_ROOT_CLASS = YES_ERROR;
				CLANG_WARN_UNREACHABLE_CODE = YES;
				CLANG_WARN__DUPLICATE_METHOD_MATCH = YES;
				"CODE_SIGN_IDENTITY[sdk=iphoneos*]" = "iPhone Developer";
				COPY_PHASE_STRIP = NO;
				DEBUG_INFORMATION_FORMAT = dwarf;
				ENABLE_STRICT_OBJC_MSGSEND = YES;
				ENABLE_TESTABILITY = YES;
				GCC_C_LANGUAGE_STANDARD = gnu99;
				GCC_DYNAMIC_NO_PIC = NO;
				GCC_NO_COMMON_BLOCKS = YES;
				GCC_OPTIMIZATION_LEVEL = 0;
				GCC_PREPROCESSOR_DEFINITIONS = (
					"DEBUG=1",
					"$(inherited)",
				);
				GCC_WARN_64_TO_32_BIT_CONVERSION = YES;
				GCC_WARN_ABOUT_RETURN_TYPE = YES_ERROR;
				GCC_WARN_UNDECLARED_SELECTOR = YES;
				GCC_WARN_UNINITIALIZED_AUTOS = YES_AGGRESSIVE;
				GCC_WARN_UNUSED_FUNCTION = YES;
				GCC_WARN_UNUSED_VARIABLE = YES;
				IPHONEOS_DEPLOYMENT_TARGET = 9.3;
				MTL_ENABLE_DEBUG_INFO = YES;
				ONLY_ACTIVE_ARCH = YES;
				SDKROOT = iphoneos;
				SWIFT_OPTIMIZATION_LEVEL = "-Onone";
			};
			name = Debug;
		};
		962195691CBEE4CA00F92DD8 /* Release */ = {
			isa = XCBuildConfiguration;
			buildSettings = {
				ALWAYS_SEARCH_USER_PATHS = NO;
				CLANG_ANALYZER_NONNULL = YES;
				CLANG_CXX_LANGUAGE_STANDARD = "gnu++0x";
				CLANG_CXX_LIBRARY = "libc++";
				CLANG_ENABLE_MODULES = YES;
				CLANG_ENABLE_OBJC_ARC = YES;
				CLANG_WARN_BOOL_CONVERSION = YES;
				CLANG_WARN_CONSTANT_CONVERSION = YES;
				CLANG_WARN_DIRECT_OBJC_ISA_USAGE = YES_ERROR;
				CLANG_WARN_EMPTY_BODY = YES;
				CLANG_WARN_ENUM_CONVERSION = YES;
				CLANG_WARN_INT_CONVERSION = YES;
				CLANG_WARN_OBJC_ROOT_CLASS = YES_ERROR;
				CLANG_WARN_UNREACHABLE_CODE = YES;
				CLANG_WARN__DUPLICATE_METHOD_MATCH = YES;
				"CODE_SIGN_IDENTITY[sdk=iphoneos*]" = "iPhone Developer";
				COPY_PHASE_STRIP = NO;
				DEBUG_INFORMATION_FORMAT = "dwarf-with-dsym";
				ENABLE_NS_ASSERTIONS = NO;
				ENABLE_STRICT_OBJC_MSGSEND = YES;
				GCC_C_LANGUAGE_STANDARD = gnu99;
				GCC_NO_COMMON_BLOCKS = YES;
				GCC_WARN_64_TO_32_BIT_CONVERSION = YES;
				GCC_WARN_ABOUT_RETURN_TYPE = YES_ERROR;
				GCC_WARN_UNDECLARED_SELECTOR = YES;
				GCC_WARN_UNINITIALIZED_AUTOS = YES_AGGRESSIVE;
				GCC_WARN_UNUSED_FUNCTION = YES;
				GCC_WARN_UNUSED_VARIABLE = YES;
				IPHONEOS_DEPLOYMENT_TARGET = 9.3;
				MTL_ENABLE_DEBUG_INFO = NO;
				SDKROOT = iphoneos;
				VALIDATE_PRODUCT = YES;
			};
			name = Release;
		};
		9621956B1CBEE4CA00F92DD8 /* Debug */ = {
			isa = XCBuildConfiguration;
			buildSettings = {
				ASSETCATALOG_COMPILER_APPICON_NAME = AppIcon;
				INFOPLIST_FILE = SkypeS/Info.plist;
				LD_RUNPATH_SEARCH_PATHS = "$(inherited) @executable_path/Frameworks";
				PRODUCT_BUNDLE_IDENTIFIER = com.thethreeways.SkypeS;
				PRODUCT_NAME = "$(TARGET_NAME)";
			};
			name = Debug;
		};
		9621956C1CBEE4CA00F92DD8 /* Release */ = {
			isa = XCBuildConfiguration;
			buildSettings = {
				ASSETCATALOG_COMPILER_APPICON_NAME = AppIcon;
				INFOPLIST_FILE = SkypeS/Info.plist;
				LD_RUNPATH_SEARCH_PATHS = "$(inherited) @executable_path/Frameworks";
				PRODUCT_BUNDLE_IDENTIFIER = com.thethreeways.SkypeS;
				PRODUCT_NAME = "$(TARGET_NAME)";
			};
			name = Release;
		};
/* End XCBuildConfiguration section */

/* Begin XCConfigurationList section */
		962195531CBEE4CA00F92DD8 /* Build configuration list for PBXProject "SkypeS" */ = {
			isa = XCConfigurationList;
			buildConfigurations = (
				962195681CBEE4CA00F92DD8 /* Debug */,
				962195691CBEE4CA00F92DD8 /* Release */,
			);
			defaultConfigurationIsVisible = 0;
			defaultConfigurationName = Release;
		};
		9621956A1CBEE4CA00F92DD8 /* Build configuration list for PBXNativeTarget "SkypeS" */ = {
			isa = XCConfigurationList;
			buildConfigurations = (
				9621956B1CBEE4CA00F92DD8 /* Debug */,
				9621956C1CBEE4CA00F92DD8 /* Release */,
			);
			defaultConfigurationIsVisible = 0;
		};
/* End XCConfigurationList section */
	};
	rootObject = 962195501CBEE4CA00F92DD8 /* Project object */;
}
