// !$*UTF8*$!
{
	archiveVersion = 1;
	classes = {
	};
	objectVersion = 46;
	objects = {

/* Begin PBXBuildFile section */
		9621955C1CBEE4CA00F92DD8 /* AppDelegate.swift in Sources */ = {isa = PBXBuildFile; fileRef = 9621955B1CBEE4CA00F92DD8 /* AppDelegate.swift */; };
		962195611CBEE4CA00F92DD8 /* Main.storyboard in Resources */ = {isa = PBXBuildFile; fileRef = 9621955F1CBEE4CA00F92DD8 /* Main.storyboard */; };
		962195631CBEE4CA00F92DD8 /* Assets.xcassets in Resources */ = {isa = PBXBuildFile; fileRef = 962195621CBEE4CA00F92DD8 /* Assets.xcassets */; };
		962195661CBEE4CA00F92DD8 /* LaunchScreen.storyboard in Resources */ = {isa = PBXBuildFile; fileRef = 962195641CBEE4CA00F92DD8 /* LaunchScreen.storyboard */; };
		962195741CBEEB5600F92DD8 /* ContactsViewController.swift in Sources */ = {isa = PBXBuildFile; fileRef = 962195721CBEEB5600F92DD8 /* ContactsViewController.swift */; };
		962195761CBEEBFE00F92DD8 /* ContactManager.swift in Sources */ = {isa = PBXBuildFile; fileRef = 962195751CBEEBFE00F92DD8 /* ContactManager.swift */; };
		9621957B1CC01EEC00F92DD8 /* MessageManager.swift in Sources */ = {isa = PBXBuildFile; fileRef = 9621957A1CC01EEC00F92DD8 /* MessageManager.swift */; };
		9631C4AB1CC3EA8A00D6F4EE /* Entypo.otf in Resources */ = {isa = PBXBuildFile; fileRef = 9631C4A21CC3EA8A00D6F4EE /* Entypo.otf */; };
		9631C4AC1CC3EA8A00D6F4EE /* Entypo.strings in Resources */ = {isa = PBXBuildFile; fileRef = 9631C4A31CC3EA8A00D6F4EE /* Entypo.strings */; };
		9631C4AD1CC3EA8A00D6F4EE /* Entypo-Social.otf in Resources */ = {isa = PBXBuildFile; fileRef = 9631C4A41CC3EA8A00D6F4EE /* Entypo-Social.otf */; };
		9631C4AE1CC3EA8A00D6F4EE /* EntypoSocial.strings in Resources */ = {isa = PBXBuildFile; fileRef = 9631C4A51CC3EA8A00D6F4EE /* EntypoSocial.strings */; };
		9631C4AF1CC3EA8A00D6F4EE /* FontAwesomeRegular.strings in Resources */ = {isa = PBXBuildFile; fileRef = 9631C4A61CC3EA8A00D6F4EE /* FontAwesomeRegular.strings */; };
		9631C4B01CC3EA8A00D6F4EE /* FontAwesomeRegular+Deprecation.strings in Resources */ = {isa = PBXBuildFile; fileRef = 9631C4A71CC3EA8A00D6F4EE /* FontAwesomeRegular+Deprecation.strings */; };
		9631C4B11CC3EA8A00D6F4EE /* IconicStroke.strings in Resources */ = {isa = PBXBuildFile; fileRef = 9631C4A81CC3EA8A00D6F4EE /* IconicStroke.strings */; };
		9631C4B21CC3EA8A00D6F4EE /* iconic.otf in Resources */ = {isa = PBXBuildFile; fileRef = 9631C4AA1CC3EA8A00D6F4EE /* iconic.otf */; };
		9631C4B71CC425F600D6F4EE /* LGSimpleChat.swift in Sources */ = {isa = PBXBuildFile; fileRef = 9631C4B51CC425F600D6F4EE /* LGSimpleChat.swift */; };
		9631C4B81CC425F600D6F4EE /* License in Resources */ = {isa = PBXBuildFile; fileRef = 9631C4B61CC425F600D6F4EE /* License */; };
		9631C4BA1CC4322500D6F4EE /* Pods_SkypeS.framework in Embed Frameworks */ = {isa = PBXBuildFile; fileRef = 65FF560CD9B10B7EA7D96F78 /* Pods_SkypeS.framework */; settings = {ATTRIBUTES = (CodeSignOnCopy, RemoveHeadersOnCopy, ); }; };
		964C89D91CC0360300907E34 /* ContactTableViewCell.swift in Sources */ = {isa = PBXBuildFile; fileRef = 964C89D81CC0360300907E34 /* ContactTableViewCell.swift */; };
		964C89DB1CC0415500907E34 /* license.pdf in Resources */ = {isa = PBXBuildFile; fileRef = 964C89DA1CC0415500907E34 /* license.pdf */; };
		967F21781CC15FBF00C73832 /* DialpadManager.swift in Sources */ = {isa = PBXBuildFile; fileRef = 967F21771CC15FBF00C73832 /* DialpadManager.swift */; };
		967F217A1CC1868500C73832 /* MainDialPadView.swift in Sources */ = {isa = PBXBuildFile; fileRef = 967F21791CC1868500C73832 /* MainDialPadView.swift */; };
		967F217C1CC1871900C73832 /* KeysDialPadView.swift in Sources */ = {isa = PBXBuildFile; fileRef = 967F217B1CC1871900C73832 /* KeysDialPadView.swift */; };
		967F217E1CC1882E00C73832 /* IncomingDialPadView.swift in Sources */ = {isa = PBXBuildFile; fileRef = 967F217D1CC1882E00C73832 /* IncomingDialPadView.swift */; };
		967F21801CC18FF900C73832 /* CallKeysDialPadView.swift in Sources */ = {isa = PBXBuildFile; fileRef = 967F217F1CC18FF900C73832 /* CallKeysDialPadView.swift */; };
		96B736021CC19E7300B32A50 /* fontawesome.ttf in Resources */ = {isa = PBXBuildFile; fileRef = 96B736011CC19E7300B32A50 /* fontawesome.ttf */; };
/* End PBXBuildFile section */

/* Begin PBXCopyFilesBuildPhase section */
		9631C4BB1CC4322500D6F4EE /* Embed Frameworks */ = {
			isa = PBXCopyFilesBuildPhase;
			buildActionMask = 2147483647;
			dstPath = "";
			dstSubfolderSpec = 10;
			files = (
				9631C4BA1CC4322500D6F4EE /* Pods_SkypeS.framework in Embed Frameworks */,
			);
			name = "Embed Frameworks";
			runOnlyForDeploymentPostprocessing = 0;
		};
/* End PBXCopyFilesBuildPhase section */

/* Begin PBXFileReference section */
		65FF560CD9B10B7EA7D96F78 /* Pods_SkypeS.framework */ = {isa = PBXFileReference; explicitFileType = wrapper.framework; includeInIndex = 0; path = Pods_SkypeS.framework; sourceTree = BUILT_PRODUCTS_DIR; };
		962195581CBEE4CA00F92DD8 /* SkypeS.app */ = {isa = PBXFileReference; explicitFileType = wrapper.application; includeInIndex = 0; path = SkypeS.app; sourceTree = BUILT_PRODUCTS_DIR; };
		9621955B1CBEE4CA00F92DD8 /* AppDelegate.swift */ = {isa = PBXFileReference; lastKnownFileType = sourcecode.swift; path = AppDelegate.swift; sourceTree = "<group>"; };
		962195601CBEE4CA00F92DD8 /* Base */ = {isa = PBXFileReference; lastKnownFileType = file.storyboard; name = Base; path = Base.lproj/Main.storyboard; sourceTree = "<group>"; };
		962195621CBEE4CA00F92DD8 /* Assets.xcassets */ = {isa = PBXFileReference; lastKnownFileType = folder.assetcatalog; name = Assets.xcassets; path = ../Assets.xcassets; sourceTree = "<group>"; };
		962195651CBEE4CA00F92DD8 /* Base */ = {isa = PBXFileReference; lastKnownFileType = file.storyboard; name = Base; path = Base.lproj/LaunchScreen.storyboard; sourceTree = "<group>"; };
		962195671CBEE4CA00F92DD8 /* Info.plist */ = {isa = PBXFileReference; lastKnownFileType = text.plist.xml; path = Info.plist; sourceTree = "<group>"; };
		962195721CBEEB5600F92DD8 /* ContactsViewController.swift */ = {isa = PBXFileReference; fileEncoding = 4; lastKnownFileType = sourcecode.swift; path = ContactsViewController.swift; sourceTree = "<group>"; };
		962195751CBEEBFE00F92DD8 /* ContactManager.swift */ = {isa = PBXFileReference; fileEncoding = 4; lastKnownFileType = sourcecode.swift; path = ContactManager.swift; sourceTree = "<group>"; };
		9621957A1CC01EEC00F92DD8 /* MessageManager.swift */ = {isa = PBXFileReference; fileEncoding = 4; lastKnownFileType = sourcecode.swift; path = MessageManager.swift; sourceTree = "<group>"; };
		9631C4A21CC3EA8A00D6F4EE /* Entypo.otf */ = {isa = PBXFileReference; lastKnownFileType = file; name = Entypo.otf; path = ../../Pods/FontasticIcons/FontasticIcons/Sources/Resources/Fonts/Entypo.otf; sourceTree = "<group>"; };
		9631C4A31CC3EA8A00D6F4EE /* Entypo.strings */ = {isa = PBXFileReference; lastKnownFileType = text.plist.strings; name = Entypo.strings; path = ../../Pods/FontasticIcons/FontasticIcons/Sources/Resources/Strings/Entypo.strings; sourceTree = "<group>"; };
		9631C4A41CC3EA8A00D6F4EE /* Entypo-Social.otf */ = {isa = PBXFileReference; lastKnownFileType = file; name = "Entypo-Social.otf"; path = "../../Pods/FontasticIcons/FontasticIcons/Sources/Resources/Fonts/Entypo-Social.otf"; sourceTree = "<group>"; };
		9631C4A51CC3EA8A00D6F4EE /* EntypoSocial.strings */ = {isa = PBXFileReference; lastKnownFileType = text.plist.strings; name = EntypoSocial.strings; path = ../../Pods/FontasticIcons/FontasticIcons/Sources/Resources/Strings/EntypoSocial.strings; sourceTree = "<group>"; };
		9631C4A61CC3EA8A00D6F4EE /* FontAwesomeRegular.strings */ = {isa = PBXFileReference; lastKnownFileType = text.plist.strings; name = FontAwesomeRegular.strings; path = ../../Pods/FontasticIcons/FontasticIcons/Sources/Resources/Strings/FontAwesomeRegular.strings; sourceTree = "<group>"; };
		9631C4A71CC3EA8A00D6F4EE /* FontAwesomeRegular+Deprecation.strings */ = {isa = PBXFileReference; lastKnownFileType = text.plist.strings; name = "FontAwesomeRegular+Deprecation.strings"; path = "../../Pods/FontasticIcons/FontasticIcons/Sources/Resources/Strings/FontAwesomeRegular+Deprecation.strings"; sourceTree = "<group>"; };
		9631C4A81CC3EA8A00D6F4EE /* IconicStroke.strings */ = {isa = PBXFileReference; lastKnownFileType = text.plist.strings; name = IconicStroke.strings; path = ../../Pods/FontasticIcons/FontasticIcons/Sources/Resources/Strings/IconicStroke.strings; sourceTree = "<group>"; };
		9631C4A91CC3EA8A00D6F4EE /* fontawesome.ttf */ = {isa = PBXFileReference; lastKnownFileType = file; name = fontawesome.ttf; path = ../../Pods/FontasticIcons/FontasticIcons/Sources/Resources/Fonts/fontawesome.ttf; sourceTree = "<group>"; };
		9631C4AA1CC3EA8A00D6F4EE /* iconic.otf */ = {isa = PBXFileReference; lastKnownFileType = file; name = iconic.otf; path = ../../Pods/FontasticIcons/FontasticIcons/Sources/Resources/Fonts/iconic.otf; sourceTree = "<group>"; };
		9631C4B51CC425F600D6F4EE /* LGSimpleChat.swift */ = {isa = PBXFileReference; fileEncoding = 4; lastKnownFileType = sourcecode.swift; path = LGSimpleChat.swift; sourceTree = "<group>"; };
		9631C4B61CC425F600D6F4EE /* License */ = {isa = PBXFileReference; fileEncoding = 4; lastKnownFileType = text; path = License; sourceTree = "<group>"; };
		964C89D81CC0360300907E34 /* ContactTableViewCell.swift */ = {isa = PBXFileReference; fileEncoding = 4; lastKnownFileType = sourcecode.swift; path = ContactTableViewCell.swift; sourceTree = "<group>"; };
		964C89DA1CC0415500907E34 /* license.pdf */ = {isa = PBXFileReference; lastKnownFileType = image.pdf; path = license.pdf; sourceTree = "<group>"; };
		967F21771CC15FBF00C73832 /* DialpadManager.swift */ = {isa = PBXFileReference; fileEncoding = 4; lastKnownFileType = sourcecode.swift; path = DialpadManager.swift; sourceTree = "<group>"; };
		967F21791CC1868500C73832 /* MainDialPadView.swift */ = {isa = PBXFileReference; fileEncoding = 4; lastKnownFileType = sourcecode.swift; path = MainDialPadView.swift; sourceTree = "<group>"; };
		967F217B1CC1871900C73832 /* KeysDialPadView.swift */ = {isa = PBXFileReference; fileEncoding = 4; lastKnownFileType = sourcecode.swift; path = KeysDialPadView.swift; sourceTree = "<group>"; };
		967F217D1CC1882E00C73832 /* IncomingDialPadView.swift */ = {isa = PBXFileReference; fileEncoding = 4; lastKnownFileType = sourcecode.swift; path = IncomingDialPadView.swift; sourceTree = "<group>"; };
		967F217F1CC18FF900C73832 /* CallKeysDialPadView.swift */ = {isa = PBXFileReference; fileEncoding = 4; lastKnownFileType = sourcecode.swift; path = CallKeysDialPadView.swift; sourceTree = "<group>"; };
		96B736011CC19E7300B32A50 /* fontawesome.ttf */ = {isa = PBXFileReference; lastKnownFileType = file; name = fontawesome.ttf; path = ../../Pods/FontasticIcons/FontasticIcons/Sources/Resources/Fonts/fontawesome.ttf; sourceTree = "<group>"; };
		C70FA8B8FC2A7EC2E20F164D /* Pods-SkypeS.release.xcconfig */ = {isa = PBXFileReference; includeInIndex = 1; lastKnownFileType = text.xcconfig; name = "Pods-SkypeS.release.xcconfig"; path = "Pods/Target Support Files/Pods-SkypeS/Pods-SkypeS.release.xcconfig"; sourceTree = "<group>"; };
		CCF7805BC5CABB15F0A4B628 /* Pods-SkypeS.debug.xcconfig */ = {isa = PBXFileReference; includeInIndex = 1; lastKnownFileType = text.xcconfig; name = "Pods-SkypeS.debug.xcconfig"; path = "Pods/Target Support Files/Pods-SkypeS/Pods-SkypeS.debug.xcconfig"; sourceTree = "<group>"; };
/* End PBXFileReference section */

/* Begin PBXFrameworksBuildPhase section */
		962195551CBEE4CA00F92DD8 /* Frameworks */ = {
			isa = PBXFrameworksBuildPhase;
			buildActionMask = 2147483647;
			files = (
			);
			runOnlyForDeploymentPostprocessing = 0;
		};
/* End PBXFrameworksBuildPhase section */

/* Begin PBXGroup section */
		40990A34F5E05973B5EDEF4F /* Pods */ = {
			isa = PBXGroup;
			children = (
				CCF7805BC5CABB15F0A4B628 /* Pods-SkypeS.debug.xcconfig */,
				C70FA8B8FC2A7EC2E20F164D /* Pods-SkypeS.release.xcconfig */,
			);
			name = Pods;
			sourceTree = "<group>";
		};
		9621954F1CBEE4CA00F92DD8 = {
			isa = PBXGroup;
			children = (
				9621955A1CBEE4CA00F92DD8 /* SkypeS */,
				962195591CBEE4CA00F92DD8 /* Products */,
				40990A34F5E05973B5EDEF4F /* Pods */,
				E36793C5022834EBE7CF6DB1 /* Frameworks */,
			);
			sourceTree = "<group>";
		};
		962195591CBEE4CA00F92DD8 /* Products */ = {
			isa = PBXGroup;
			children = (
				962195581CBEE4CA00F92DD8 /* SkypeS.app */,
			);
			name = Products;
			sourceTree = "<group>";
		};
		9621955A1CBEE4CA00F92DD8 /* SkypeS */ = {
			isa = PBXGroup;
			children = (
				9631C4B31CC425F600D6F4EE /* External */,
				9621956F1CBEEB5600F92DD8 /* Managers */,
				962195701CBEEB5600F92DD8 /* Resources */,
				962195711CBEEB5600F92DD8 /* ViewControllers */,
				962195731CBEEB5600F92DD8 /* Views */,
				9621955B1CBEE4CA00F92DD8 /* AppDelegate.swift */,
				962195671CBEE4CA00F92DD8 /* Info.plist */,
			);
			path = SkypeS;
			sourceTree = "<group>";
		};
		9621956F1CBEEB5600F92DD8 /* Managers */ = {
			isa = PBXGroup;
			children = (
				962195751CBEEBFE00F92DD8 /* ContactManager.swift */,
				9621957A1CC01EEC00F92DD8 /* MessageManager.swift */,
				967F21771CC15FBF00C73832 /* DialpadManager.swift */,
			);
			path = Managers;
			sourceTree = "<group>";
		};
		962195701CBEEB5600F92DD8 /* Resources */ = {
			isa = PBXGroup;
			children = (
				9631C4A21CC3EA8A00D6F4EE /* Entypo.otf */,
				9631C4A31CC3EA8A00D6F4EE /* Entypo.strings */,
				9631C4A41CC3EA8A00D6F4EE /* Entypo-Social.otf */,
				9631C4A51CC3EA8A00D6F4EE /* EntypoSocial.strings */,
				9631C4A61CC3EA8A00D6F4EE /* FontAwesomeRegular.strings */,
				9631C4A71CC3EA8A00D6F4EE /* FontAwesomeRegular+Deprecation.strings */,
				9631C4A81CC3EA8A00D6F4EE /* IconicStroke.strings */,
				9631C4A91CC3EA8A00D6F4EE /* fontawesome.ttf */,
				9631C4AA1CC3EA8A00D6F4EE /* iconic.otf */,
				96B736011CC19E7300B32A50 /* fontawesome.ttf */,
				964C89DA1CC0415500907E34 /* license.pdf */,
				962195621CBEE4CA00F92DD8 /* Assets.xcassets */,
				9621955F1CBEE4CA00F92DD8 /* Main.storyboard */,
				962195641CBEE4CA00F92DD8 /* LaunchScreen.storyboard */,
			);
			path = Resources;
			sourceTree = "<group>";
		};
		962195711CBEEB5600F92DD8 /* ViewControllers */ = {
			isa = PBXGroup;
			children = (
				962195721CBEEB5600F92DD8 /* ContactsViewController.swift */,
			);
			path = ViewControllers;
			sourceTree = "<group>";
		};
		962195731CBEEB5600F92DD8 /* Views */ = {
			isa = PBXGroup;
			children = (
				964C89D81CC0360300907E34 /* ContactTableViewCell.swift */,
				967F21791CC1868500C73832 /* MainDialPadView.swift */,
				967F217B1CC1871900C73832 /* KeysDialPadView.swift */,
				967F217D1CC1882E00C73832 /* IncomingDialPadView.swift */,
				967F217F1CC18FF900C73832 /* CallKeysDialPadView.swift */,
			);
			path = Views;
			sourceTree = "<group>";
		};
		9631C4B31CC425F600D6F4EE /* External */ = {
			isa = PBXGroup;
			children = (
				9631C4B41CC425F600D6F4EE /* LGSimpleChat */,
			);
			path = External;
			sourceTree = "<group>";
		};
		9631C4B41CC425F600D6F4EE /* LGSimpleChat */ = {
			isa = PBXGroup;
			children = (
				9631C4B51CC425F600D6F4EE /* LGSimpleChat.swift */,
				9631C4B61CC425F600D6F4EE /* License */,
			);
			path = LGSimpleChat;
			sourceTree = "<group>";
		};
		E36793C5022834EBE7CF6DB1 /* Frameworks */ = {
			isa = PBXGroup;
			children = (
				65FF560CD9B10B7EA7D96F78 /* Pods_SkypeS.framework */,
			);
			name = Frameworks;
			sourceTree = "<group>";
		};
/* End PBXGroup section */

/* Begin PBXNativeTarget section */
		962195571CBEE4CA00F92DD8 /* SkypeS */ = {
			isa = PBXNativeTarget;
			buildConfigurationList = 9621956A1CBEE4CA00F92DD8 /* Build configuration list for PBXNativeTarget "SkypeS" */;
			buildPhases = (
				84A4DBB22EF8D41A5F959562 /* Check Pods Manifest.lock */,
				962195541CBEE4CA00F92DD8 /* Sources */,
				962195551CBEE4CA00F92DD8 /* Frameworks */,
				962195561CBEE4CA00F92DD8 /* Resources */,
				7993182C8DCAF9CF4B2701C3 /* Embed Pods Frameworks */,
				BD64859B0B4F68531129D920 /* Copy Pods Resources */,
				9631C4BB1CC4322500D6F4EE /* Embed Frameworks */,
			);
			buildRules = (
			);
			dependencies = (
			);
			name = SkypeS;
			productName = SkypeS;
			productReference = 962195581CBEE4CA00F92DD8 /* SkypeS.app */;
			productType = "com.apple.product-type.application";
		};
/* End PBXNativeTarget section */

/* Begin PBXProject section */
		962195501CBEE4CA00F92DD8 /* Project object */ = {
			isa = PBXProject;
			attributes = {
				LastSwiftUpdateCheck = 0730;
				LastUpgradeCheck = 0730;
				ORGANIZATIONNAME = "The Three Ways";
				TargetAttributes = {
					962195571CBEE4CA00F92DD8 = {
						CreatedOnToolsVersion = 7.3;
					};
				};
			};
			buildConfigurationList = 962195531CBEE4CA00F92DD8 /* Build configuration list for PBXProject "SkypeS" */;
			compatibilityVersion = "Xcode 3.2";
			developmentRegion = English;
			hasScannedForEncodings = 0;
			knownRegions = (
				en,
				Base,
			);
			mainGroup = 9621954F1CBEE4CA00F92DD8;
			productRefGroup = 962195591CBEE4CA00F92DD8 /* Products */;
			projectDirPath = "";
			projectRoot = "";
			targets = (
				962195571CBEE4CA00F92DD8 /* SkypeS */,
			);
		};
/* End PBXProject section */

/* Begin PBXResourcesBuildPhase section */
		962195561CBEE4CA00F92DD8 /* Resources */ = {
			isa = PBXResourcesBuildPhase;
			buildActionMask = 2147483647;
			files = (
				962195661CBEE4CA00F92DD8 /* LaunchScreen.storyboard in Resources */,
				962195631CBEE4CA00F92DD8 /* Assets.xcassets in Resources */,
				9631C4AB1CC3EA8A00D6F4EE /* Entypo.otf in Resources */,
				9631C4AC1CC3EA8A00D6F4EE /* Entypo.strings in Resources */,
				9631C4AD1CC3EA8A00D6F4EE /* Entypo-Social.otf in Resources */,
				9631C4AE1CC3EA8A00D6F4EE /* EntypoSocial.strings in Resources */,
				9631C4AF1CC3EA8A00D6F4EE /* FontAwesomeRegular.strings in Resources */,
				9631C4B01CC3EA8A00D6F4EE /* FontAwesomeRegular+Deprecation.strings in Resources */,
				9631C4B11CC3EA8A00D6F4EE /* IconicStroke.strings in Resources */,
				96B736021CC19E7300B32A50 /* fontawesome.ttf in Resources */,
				9631C4B81CC425F600D6F4EE /* License in Resources */,
				9631C4B21CC3EA8A00D6F4EE /* iconic.otf in Resources */,
				964C89DB1CC0415500907E34 /* license.pdf in Resources */,
				962195611CBEE4CA00F92DD8 /* Main.storyboard in Resources */,
			);
			runOnlyForDeploymentPostprocessing = 0;
		};
/* End PBXResourcesBuildPhase section */

/* Begin PBXShellScriptBuildPhase section */
		7993182C8DCAF9CF4B2701C3 /* Embed Pods Frameworks */ = {
			isa = PBXShellScriptBuildPhase;
			buildActionMask = 2147483647;
			files = (
			);
			inputPaths = (
			);
			name = "Embed Pods Frameworks";
			outputPaths = (
			);
			runOnlyForDeploymentPostprocessing = 0;
			shellPath = /bin/sh;
			shellScript = "\"${SRCROOT}/Pods/Target Support Files/Pods-SkypeS/Pods-SkypeS-frameworks.sh\"\n";
			showEnvVarsInLog = 0;
		};
		84A4DBB22EF8D41A5F959562 /* Check Pods Manifest.lock */ = {
			isa = PBXShellScriptBuildPhase;
			buildActionMask = 2147483647;
			files = (
			);
			inputPaths = (
			);
			name = "Check Pods Manifest.lock";
			outputPaths = (
			);
			runOnlyForDeploymentPostprocessing = 0;
			shellPath = /bin/sh;
			shellScript = "diff \"${PODS_ROOT}/../Podfile.lock\" \"${PODS_ROOT}/Manifest.lock\" > /dev/null\nif [[ $? != 0 ]] ; then\n    cat << EOM\nerror: The sandbox is not in sync with the Podfile.lock. Run 'pod install' or update your CocoaPods installation.\nEOM\n    exit 1\nfi\n";
			showEnvVarsInLog = 0;
		};
		BD64859B0B4F68531129D920 /* Copy Pods Resources */ = {
			isa = PBXShellScriptBuildPhase;
			buildActionMask = 2147483647;
			files = (
			);
			inputPaths = (
			);
			name = "Copy Pods Resources";
			outputPaths = (
			);
			runOnlyForDeploymentPostprocessing = 0;
			shellPath = /bin/sh;
			shellScript = "\"${SRCROOT}/Pods/Target Support Files/Pods-SkypeS/Pods-SkypeS-resources.sh\"\n";
			showEnvVarsInLog = 0;
		};
/* End PBXShellScriptBuildPhase section */

/* Begin PBXSourcesBuildPhase section */
		962195541CBEE4CA00F92DD8 /* Sources */ = {
			isa = PBXSourcesBuildPhase;
			buildActionMask = 2147483647;
			files = (
				9621955C1CBEE4CA00F92DD8 /* AppDelegate.swift in Sources */,
				967F21781CC15FBF00C73832 /* DialpadManager.swift in Sources */,
				967F21801CC18FF900C73832 /* CallKeysDialPadView.swift in Sources */,
				967F217A1CC1868500C73832 /* MainDialPadView.swift in Sources */,
				964C89D91CC0360300907E34 /* ContactTableViewCell.swift in Sources */,
				9631C4B71CC425F600D6F4EE /* LGSimpleChat.swift in Sources */,
				9621957B1CC01EEC00F92DD8 /* MessageManager.swift in Sources */,
				962195761CBEEBFE00F92DD8 /* ContactManager.swift in Sources */,
				967F217C1CC1871900C73832 /* KeysDialPadView.swift in Sources */,
				967F217E1CC1882E00C73832 /* IncomingDialPadView.swift in Sources */,
				962195741CBEEB5600F92DD8 /* ContactsViewController.swift in Sources */,
			);
			runOnlyForDeploymentPostprocessing = 0;
		};
/* End PBXSourcesBuildPhase section */

/* Begin PBXVariantGroup section */
		9621955F1CBEE4CA00F92DD8 /* Main.storyboard */ = {
			isa = PBXVariantGroup;
			children = (
				962195601CBEE4CA00F92DD8 /* Base */,
			);
			name = Main.storyboard;
			path = ..;
			sourceTree = "<group>";
		};
		962195641CBEE4CA00F92DD8 /* LaunchScreen.storyboard */ = {
			isa = PBXVariantGroup;
			children = (
				962195651CBEE4CA00F92DD8 /* Base */,
			);
			name = LaunchScreen.storyboard;
			path = ..;
			sourceTree = "<group>";
		};
/* End PBXVariantGroup section */

/* Begin XCBuildConfiguration section */
		962195681CBEE4CA00F92DD8 /* Debug */ = {
			isa = XCBuildConfiguration;
			buildSettings = {
				ALWAYS_SEARCH_USER_PATHS = NO;
				CLANG_ANALYZER_NONNULL = YES;
				CLANG_CXX_LANGUAGE_STANDARD = "gnu++0x";
				CLANG_CXX_LIBRARY = "libc++";
				CLANG_ENABLE_MODULES = YES;
				CLANG_ENABLE_OBJC_ARC = YES;
				CLANG_WARN_BOOL_CONVERSION = YES;
				CLANG_WARN_CONSTANT_CONVERSION = YES;
				CLANG_WARN_DIRECT_OBJC_ISA_USAGE = YES_ERROR;
				CLANG_WARN_EMPTY_BODY = YES;
				CLANG_WARN_ENUM_CONVERSION = YES;
				CLANG_WARN_INT_CONVERSION = YES;
				CLANG_WARN_OBJC_ROOT_CLASS = YES_ERROR;
				CLANG_WARN_UNREACHABLE_CODE = YES;
				CLANG_WARN__DUPLICATE_METHOD_MATCH = YES;
				"CODE_SIGN_IDENTITY[sdk=iphoneos*]" = "iPhone Developer";
				COPY_PHASE_STRIP = NO;
				DEBUG_INFORMATION_FORMAT = dwarf;
				ENABLE_STRICT_OBJC_MSGSEND = YES;
				ENABLE_TESTABILITY = YES;
				GCC_C_LANGUAGE_STANDARD = gnu99;
				GCC_DYNAMIC_NO_PIC = NO;
				GCC_NO_COMMON_BLOCKS = YES;
				GCC_OPTIMIZATION_LEVEL = 0;
				GCC_PREPROCESSOR_DEFINITIONS = (
					"DEBUG=1",
					"$(inherited)",
				);
				GCC_WARN_64_TO_32_BIT_CONVERSION = YES;
				GCC_WARN_ABOUT_RETURN_TYPE = YES_ERROR;
				GCC_WARN_UNDECLARED_SELECTOR = YES;
				GCC_WARN_UNINITIALIZED_AUTOS = YES_AGGRESSIVE;
				GCC_WARN_UNUSED_FUNCTION = YES;
				GCC_WARN_UNUSED_VARIABLE = YES;
				IPHONEOS_DEPLOYMENT_TARGET = 9.3;
				MTL_ENABLE_DEBUG_INFO = YES;
				ONLY_ACTIVE_ARCH = YES;
				SDKROOT = iphoneos;
				SWIFT_OPTIMIZATION_LEVEL = "-Onone";
			};
			name = Debug;
		};
		962195691CBEE4CA00F92DD8 /* Release */ = {
			isa = XCBuildConfiguration;
			buildSettings = {
				ALWAYS_SEARCH_USER_PATHS = NO;
				CLANG_ANALYZER_NONNULL = YES;
				CLANG_CXX_LANGUAGE_STANDARD = "gnu++0x";
				CLANG_CXX_LIBRARY = "libc++";
				CLANG_ENABLE_MODULES = YES;
				CLANG_ENABLE_OBJC_ARC = YES;
				CLANG_WARN_BOOL_CONVERSION = YES;
				CLANG_WARN_CONSTANT_CONVERSION = YES;
				CLANG_WARN_DIRECT_OBJC_ISA_USAGE = YES_ERROR;
				CLANG_WARN_EMPTY_BODY = YES;
				CLANG_WARN_ENUM_CONVERSION = YES;
				CLANG_WARN_INT_CONVERSION = YES;
				CLANG_WARN_OBJC_ROOT_CLASS = YES_ERROR;
				CLANG_WARN_UNREACHABLE_CODE = YES;
				CLANG_WARN__DUPLICATE_METHOD_MATCH = YES;
				"CODE_SIGN_IDENTITY[sdk=iphoneos*]" = "iPhone Developer";
				COPY_PHASE_STRIP = NO;
				DEBUG_INFORMATION_FORMAT = "dwarf-with-dsym";
				ENABLE_NS_ASSERTIONS = NO;
				ENABLE_STRICT_OBJC_MSGSEND = YES;
				GCC_C_LANGUAGE_STANDARD = gnu99;
				GCC_NO_COMMON_BLOCKS = YES;
				GCC_WARN_64_TO_32_BIT_CONVERSION = YES;
				GCC_WARN_ABOUT_RETURN_TYPE = YES_ERROR;
				GCC_WARN_UNDECLARED_SELECTOR = YES;
				GCC_WARN_UNINITIALIZED_AUTOS = YES_AGGRESSIVE;
				GCC_WARN_UNUSED_FUNCTION = YES;
				GCC_WARN_UNUSED_VARIABLE = YES;
				IPHONEOS_DEPLOYMENT_TARGET = 9.3;
				MTL_ENABLE_DEBUG_INFO = NO;
				SDKROOT = iphoneos;
				VALIDATE_PRODUCT = YES;
			};
			name = Release;
		};
		9621956B1CBEE4CA00F92DD8 /* Debug */ = {
			isa = XCBuildConfiguration;
			baseConfigurationReference = CCF7805BC5CABB15F0A4B628 /* Pods-SkypeS.debug.xcconfig */;
			buildSettings = {
				ASSETCATALOG_COMPILER_APPICON_NAME = AppIcon;
				CODE_SIGN_IDENTITY = "iPhone Developer: Kostiantyn Girych (WV7LCLFK4Q)";
				INFOPLIST_FILE = SkypeS/Info.plist;
				IPHONEOS_DEPLOYMENT_TARGET = 9.0;
				LD_RUNPATH_SEARCH_PATHS = "$(inherited) @executable_path/Frameworks";
				OTHER_SWIFT_FLAGS = "";
				PRODUCT_BUNDLE_IDENTIFIER = com.thethreeways.SkypeS;
				PRODUCT_NAME = "$(TARGET_NAME)";
				PROVISIONING_PROFILE = "9d7290cf-20b4-42c1-8931-33d4574ae8fd";
			};
			name = Debug;
		};
		9621956C1CBEE4CA00F92DD8 /* Release */ = {
			isa = XCBuildConfiguration;
			baseConfigurationReference = C70FA8B8FC2A7EC2E20F164D /* Pods-SkypeS.release.xcconfig */;
			buildSettings = {
				ASSETCATALOG_COMPILER_APPICON_NAME = AppIcon;
				CODE_SIGN_IDENTITY = "";
				INFOPLIST_FILE = SkypeS/Info.plist;
				IPHONEOS_DEPLOYMENT_TARGET = 9.0;
				LD_RUNPATH_SEARCH_PATHS = "$(inherited) @executable_path/Frameworks";
				PRODUCT_BUNDLE_IDENTIFIER = com.thethreeways.SkypeS;
				PRODUCT_NAME = "$(TARGET_NAME)";
				PROVISIONING_PROFILE = "9d7290cf-20b4-42c1-8931-33d4574ae8fd";
			};
			name = Release;
		};
/* End XCBuildConfiguration section */

/* Begin XCConfigurationList section */
		962195531CBEE4CA00F92DD8 /* Build configuration list for PBXProject "SkypeS" */ = {
			isa = XCConfigurationList;
			buildConfigurations = (
				962195681CBEE4CA00F92DD8 /* Debug */,
				962195691CBEE4CA00F92DD8 /* Release */,
			);
			defaultConfigurationIsVisible = 0;
			defaultConfigurationName = Release;
		};
		9621956A1CBEE4CA00F92DD8 /* Build configuration list for PBXNativeTarget "SkypeS" */ = {
			isa = XCConfigurationList;
			buildConfigurations = (
				9621956B1CBEE4CA00F92DD8 /* Debug */,
				9621956C1CBEE4CA00F92DD8 /* Release */,
			);
			defaultConfigurationIsVisible = 0;
			defaultConfigurationName = Release;
		};
/* End XCConfigurationList section */
	};
	rootObject = 962195501CBEE4CA00F92DD8 /* Project object */;
}
